
Microsoft Visual Studio Solution File, Format Version 12.00
# Visual Studio Version 17
VisualStudioVersion = 17.4.33110.190
MinimumVisualStudioVersion = 10.0.40219.1
Project("{9A19103F-16F7-4668-BE54-9A1E7A4F7556}") = "MVCLibrary.Api", "MVCLibrary.Api\MVCLibrary.Api.csproj", "{3755C837-F838-4C7A-9CC1-1EF00D3D1610}"
EndProject
Project("{9A19103F-16F7-4668-BE54-9A1E7A4F7556}") = "MVCLibrary.Data", "MVCLibrary.Data\MVCLibrary.Data.csproj", "{954A5246-A3DB-40D2-AFCA-A61FF34CB556}"
EndProject
Project("{FAE04EC0-301F-11D3-BF4B-00C04F79EFBC}") = "MVCLibrary.Infrastructure", "MVCLibrary.Infrastructure\MVCLibrary.Infrastructure.csproj", "{5459012A-8DBE-4B99-93C2-328A5D87586B}"
EndProject
Project("{FAE04EC0-301F-11D3-BF4B-00C04F79EFBC}") = "MVCLibrary.Services", "MVCLibrary.Services\MVCLibrary.Services.csproj", "{69FB808C-DC01-49BE-A7FB-B3050F4FEB97}"
EndProject
Project("{FAE04EC0-301F-11D3-BF4B-00C04F79EFBC}") = "MVCLibrary.DTO", "MVCLibrary.DTO\MVCLibrary.DTO.csproj", "{7F5611C7-4E78-4763-A296-AADE31DF92D1}"
EndProject
Global
	GlobalSection(SolutionConfigurationPlatforms) = preSolution
		Debug|Any CPU = Debug|Any CPU
		Release|Any CPU = Release|Any CPU
	EndGlobalSection
	GlobalSection(ProjectConfigurationPlatforms) = postSolution
		{3755C837-F838-4C7A-9CC1-1EF00D3D1610}.Debug|Any CPU.ActiveCfg = Debug|Any CPU
		{3755C837-F838-4C7A-9CC1-1EF00D3D1610}.Debug|Any CPU.Build.0 = Debug|Any CPU
		{3755C837-F838-4C7A-9CC1-1EF00D3D1610}.Release|Any CPU.ActiveCfg = Release|Any CPU
		{3755C837-F838-4C7A-9CC1-1EF00D3D1610}.Release|Any CPU.Build.0 = Release|Any CPU
		{954A5246-A3DB-40D2-AFCA-A61FF34CB556}.Debug|Any CPU.ActiveCfg = Debug|Any CPU
		{954A5246-A3DB-40D2-AFCA-A61FF34CB556}.Debug|Any CPU.Build.0 = Debug|Any CPU
		{954A5246-A3DB-40D2-AFCA-A61FF34CB556}.Release|Any CPU.ActiveCfg = Release|Any CPU
		{954A5246-A3DB-40D2-AFCA-A61FF34CB556}.Release|Any CPU.Build.0 = Release|Any CPU
		{5459012A-8DBE-4B99-93C2-328A5D87586B}.Debug|Any CPU.ActiveCfg = Debug|Any CPU
		{5459012A-8DBE-4B99-93C2-328A5D87586B}.Debug|Any CPU.Build.0 = Debug|Any CPU
		{5459012A-8DBE-4B99-93C2-328A5D87586B}.Release|Any CPU.ActiveCfg = Release|Any CPU
		{5459012A-8DBE-4B99-93C2-328A5D87586B}.Release|Any CPU.Build.0 = Release|Any CPU
		{69FB808C-DC01-49BE-A7FB-B3050F4FEB97}.Debug|Any CPU.ActiveCfg = Debug|Any CPU
		{69FB808C-DC01-49BE-A7FB-B3050F4FEB97}.Debug|Any CPU.Build.0 = Debug|Any CPU
		{69FB808C-DC01-49BE-A7FB-B3050F4FEB97}.Release|Any CPU.ActiveCfg = Release|Any CPU
		{69FB808C-DC01-49BE-A7FB-B3050F4FEB97}.Release|Any CPU.Build.0 = Release|Any CPU
		{7F5611C7-4E78-4763-A296-AADE31DF92D1}.Debug|Any CPU.ActiveCfg = Debug|Any CPU
		{7F5611C7-4E78-4763-A296-AADE31DF92D1}.Debug|Any CPU.Build.0 = Debug|Any CPU
		{7F5611C7-4E78-4763-A296-AADE31DF92D1}.Release|Any CPU.ActiveCfg = Release|Any CPU
		{7F5611C7-4E78-4763-A296-AADE31DF92D1}.Release|Any CPU.Build.0 = Release|Any CPU
	EndGlobalSection
	GlobalSection(SolutionProperties) = preSolution
		HideSolutionNode = FALSE
	EndGlobalSection
	GlobalSection(ExtensibilityGlobals) = postSolution
		SolutionGuid = {24A05E43-53E7-4EFA-BC5E-B9261DD11442}
	EndGlobalSection
EndGlobal
